{
    "_meta": {
        "hash": {
            "sha256": "ad9342ac4220aedac7ce3179c152fa7d301330e061e0fc860efcfa9d4318d44f"
        },
        "pipfile-spec": 6,
        "requires": {
            "python_full_version": "3.11.1",
            "python_version": "3.11"
        },
        "sources": [
            {
                "name": "pypi",
                "url": "https://pypi.org/simple",
                "verify_ssl": true
            }
        ]
    },
    "default": {
        "click": {
            "hashes": [
                "sha256:7682dc8afb30297001674575ea00d1814d808d6a36af415a82bd481d37ba7b8e",
                "sha256:bb4d8133cb15a609f44e8213d9b391b0809795062913b383c62be0ee95b1db48"
            ],
            "index": "pypi",
            "version": "==8.1.3"
        },
        "plotext": {
            "hashes": [
                "sha256:319a287baabeb8576a711995f973a2eba631c887aa6b0f33ab016f12c50ffebe",
                "sha256:7364cf72e6c9bffaf96158340fd2e0058faf404edbbc1e7a2aed421c8638d475"
            ],
            "index": "pypi",
            "version": "==5.2.8"
        },
        "tabulate": {
            "hashes": [
                "sha256:0095b12bf5966de529c0feb1fa08671671b3368eec77d7ef7ab114be2c068b3c",
                "sha256:024ca478df22e9340661486f85298cff5f6dcdba14f3813e8830015b9ed1948f"
            ],
            "index": "pypi",
            "version": "==0.9.0"
        }
    },
    "develop": {}
}
